
Microsoft Visual Studio Solution File, Format Version 12.00
# Visual Studio Version 17
VisualStudioVersion = 17.10.35027.167
MinimumVisualStudioVersion = 10.0.40219.1
Project("{FAE04EC0-301F-11D3-BF4B-00C04F79EFBC}") = "API", "IntelliLift\API.csproj", "{B8E563AF-3240-4F8E-B592-54C2726D066D}"
EndProject
Project("{FAE04EC0-301F-11D3-BF4B-00C04F79EFBC}") = "BLL", "BLL\BLL.csproj", "{BEB0052B-5390-4C3E-8C91-54D3211552FF}"
EndProject
Project("{FAE04EC0-301F-11D3-BF4B-00C04F79EFBC}") = "DAL", "DAL\DAL.csproj", "{ED38ABF5-5555-4A47-8E18-3CB732589FD5}"
EndProject
Project("{FAE04EC0-301F-11D3-BF4B-00C04F79EFBC}") = "IDAL", "IDAL\IDAL.csproj", "{DCA1775B-09F6-4AF1-87FD-ED6C160DB19B}"
EndProject
Project("{FAE04EC0-301F-11D3-BF4B-00C04F79EFBC}") = "IBL", "IBL\IBL.csproj", "{0F99C2EF-13C1-4AC9-AF51-727B2A847D80}"
EndProject
Project("{FAE04EC0-301F-11D3-BF4B-00C04F79EFBC}") = "DBEntities", "DBEntities\DBEntities.csproj", "{7152EC6A-CA22-4550-AF5D-373FCB1D3057}"
EndProject
Project("{FAE04EC0-301F-11D3-BF4B-00C04F79EFBC}") = "DTO", "DTO\DTO.csproj", "{CA83A475-3F41-4906-9795-E05B12C33574}"
EndProject
Global
	GlobalSection(SolutionConfigurationPlatforms) = preSolution
		Debug|Any CPU = Debug|Any CPU
		Release|Any CPU = Release|Any CPU
	EndGlobalSection
	GlobalSection(ProjectConfigurationPlatforms) = postSolution
		{B8E563AF-3240-4F8E-B592-54C2726D066D}.Debug|Any CPU.ActiveCfg = Debug|Any CPU
		{B8E563AF-3240-4F8E-B592-54C2726D066D}.Debug|Any CPU.Build.0 = Debug|Any CPU
		{B8E563AF-3240-4F8E-B592-54C2726D066D}.Release|Any CPU.ActiveCfg = Release|Any CPU
		{B8E563AF-3240-4F8E-B592-54C2726D066D}.Release|Any CPU.Build.0 = Release|Any CPU
		{BEB0052B-5390-4C3E-8C91-54D3211552FF}.Debug|Any CPU.ActiveCfg = Debug|Any CPU
		{BEB0052B-5390-4C3E-8C91-54D3211552FF}.Debug|Any CPU.Build.0 = Debug|Any CPU
		{BEB0052B-5390-4C3E-8C91-54D3211552FF}.Release|Any CPU.ActiveCfg = Release|Any CPU
		{BEB0052B-5390-4C3E-8C91-54D3211552FF}.Release|Any CPU.Build.0 = Release|Any CPU
		{ED38ABF5-5555-4A47-8E18-3CB732589FD5}.Debug|Any CPU.ActiveCfg = Debug|Any CPU
		{ED38ABF5-5555-4A47-8E18-3CB732589FD5}.Debug|Any CPU.Build.0 = Debug|Any CPU
		{ED38ABF5-5555-4A47-8E18-3CB732589FD5}.Release|Any CPU.ActiveCfg = Release|Any CPU
		{ED38ABF5-5555-4A47-8E18-3CB732589FD5}.Release|Any CPU.Build.0 = Release|Any CPU
		{DCA1775B-09F6-4AF1-87FD-ED6C160DB19B}.Debug|Any CPU.ActiveCfg = Debug|Any CPU
		{DCA1775B-09F6-4AF1-87FD-ED6C160DB19B}.Debug|Any CPU.Build.0 = Debug|Any CPU
		{DCA1775B-09F6-4AF1-87FD-ED6C160DB19B}.Release|Any CPU.ActiveCfg = Release|Any CPU
		{DCA1775B-09F6-4AF1-87FD-ED6C160DB19B}.Release|Any CPU.Build.0 = Release|Any CPU
		{0F99C2EF-13C1-4AC9-AF51-727B2A847D80}.Debug|Any CPU.ActiveCfg = Debug|Any CPU
		{0F99C2EF-13C1-4AC9-AF51-727B2A847D80}.Debug|Any CPU.Build.0 = Debug|Any CPU
		{0F99C2EF-13C1-4AC9-AF51-727B2A847D80}.Release|Any CPU.ActiveCfg = Release|Any CPU
		{0F99C2EF-13C1-4AC9-AF51-727B2A847D80}.Release|Any CPU.Build.0 = Release|Any CPU
		{7152EC6A-CA22-4550-AF5D-373FCB1D3057}.Debug|Any CPU.ActiveCfg = Debug|Any CPU
		{7152EC6A-CA22-4550-AF5D-373FCB1D3057}.Debug|Any CPU.Build.0 = Debug|Any CPU
		{7152EC6A-CA22-4550-AF5D-373FCB1D3057}.Release|Any CPU.ActiveCfg = Release|Any CPU
		{7152EC6A-CA22-4550-AF5D-373FCB1D3057}.Release|Any CPU.Build.0 = Release|Any CPU
		{CA83A475-3F41-4906-9795-E05B12C33574}.Debug|Any CPU.ActiveCfg = Debug|Any CPU
		{CA83A475-3F41-4906-9795-E05B12C33574}.Debug|Any CPU.Build.0 = Debug|Any CPU
		{CA83A475-3F41-4906-9795-E05B12C33574}.Release|Any CPU.ActiveCfg = Release|Any CPU
		{CA83A475-3F41-4906-9795-E05B12C33574}.Release|Any CPU.Build.0 = Release|Any CPU
	EndGlobalSection
	GlobalSection(SolutionProperties) = preSolution
		HideSolutionNode = FALSE
	EndGlobalSection
	GlobalSection(ExtensibilityGlobals) = postSolution
		SolutionGuid = {75C5B21E-9ECE-477A-A1C9-80A25CBE8443}
	EndGlobalSection
EndGlobal
